
Microsoft Visual Studio Solution File, Format Version 12.00
# Visual Studio Version 16
VisualStudioVersion = 16.0.31424.327
MinimumVisualStudioVersion = 10.0.40219.1
Project("{FAE04EC0-301F-11D3-BF4B-00C04F79EFBC}") = "SosialPlatform", "SosialPlatform\SosialPlatform.csproj", "{3FEC492D-A4BF-4F33-AC9C-2998F6D2094E}"
EndProject
Global
	GlobalSection(SolutionConfigurationPlatforms) = preSolution
		Debug|Any CPU = Debug|Any CPU
		Release|Any CPU = Release|Any CPU
	EndGlobalSection
	GlobalSection(ProjectConfigurationPlatforms) = postSolution
		{3FEC492D-A4BF-4F33-AC9C-2998F6D2094E}.Debug|Any CPU.ActiveCfg = Debug|Any CPU
		{3FEC492D-A4BF-4F33-AC9C-2998F6D2094E}.Debug|Any CPU.Build.0 = Debug|Any CPU
		{3FEC492D-A4BF-4F33-AC9C-2998F6D2094E}.Release|Any CPU.ActiveCfg = Release|Any CPU
		{3FEC492D-A4BF-4F33-AC9C-2998F6D2094E}.Release|Any CPU.Build.0 = Release|Any CPU
	EndGlobalSection
	GlobalSection(SolutionProperties) = preSolution
		HideSolutionNode = FALSE
	EndGlobalSection
	GlobalSection(ExtensibilityGlobals) = postSolution
		SolutionGuid = {D944EA57-CD8B-4960-82E6-1421BE518774}
	EndGlobalSection
EndGlobal
